
Microsoft Visual Studio Solution File, Format Version 12.00
# Visual Studio Version 17
VisualStudioVersion = 17.0.31903.59
MinimumVisualStudioVersion = 10.0.40219.1
Project("{9A19103F-16F7-4668-BE54-9A1E7A4F7556}") = "LibCamera", "src\LibCamera.csproj", "{BD35FA4B-E80E-4C5A-B620-0ED56D24B1F1}"
EndProject
Project("{FAE04EC0-301F-11D3-BF4B-00C04F79EFBC}") = "Example", "Example\Example.csproj", "{A6C57F2F-76CB-42B1-9010-93C70D080C4E}"
EndProject
Global
	GlobalSection(SolutionConfigurationPlatforms) = preSolution
		Debug|Any CPU = Debug|Any CPU
		Release|Any CPU = Release|Any CPU
	EndGlobalSection
	GlobalSection(ProjectConfigurationPlatforms) = postSolution
		{BD35FA4B-E80E-4C5A-B620-0ED56D24B1F1}.Debug|Any CPU.ActiveCfg = Debug|Any CPU
		{BD35FA4B-E80E-4C5A-B620-0ED56D24B1F1}.Debug|Any CPU.Build.0 = Debug|Any CPU
		{BD35FA4B-E80E-4C5A-B620-0ED56D24B1F1}.Release|Any CPU.ActiveCfg = Release|Any CPU
		{BD35FA4B-E80E-4C5A-B620-0ED56D24B1F1}.Release|Any CPU.Build.0 = Release|Any CPU
		{A6C57F2F-76CB-42B1-9010-93C70D080C4E}.Debug|Any CPU.ActiveCfg = Debug|Any CPU
		{A6C57F2F-76CB-42B1-9010-93C70D080C4E}.Debug|Any CPU.Build.0 = Debug|Any CPU
		{A6C57F2F-76CB-42B1-9010-93C70D080C4E}.Release|Any CPU.ActiveCfg = Release|Any CPU
		{A6C57F2F-76CB-42B1-9010-93C70D080C4E}.Release|Any CPU.Build.0 = Release|Any CPU
	EndGlobalSection
	GlobalSection(SolutionProperties) = preSolution
		HideSolutionNode = FALSE
	EndGlobalSection
	GlobalSection(ExtensibilityGlobals) = postSolution
		SolutionGuid = {CC9A63E7-020A-4F8F-B8EE-519874484DDF}
	EndGlobalSection
EndGlobal
